// !$*UTF8*$!
{
	archiveVersion = 1;
	classes = {
	};
	objectVersion = 46;
	objects = {

/* Begin PBXBuildFile section */
		D20C74E81C6B7C1B00DE10C5 /* AppDelegate.swift in Sources */ = {isa = PBXBuildFile; fileRef = D20C74E71C6B7C1B00DE10C5 /* AppDelegate.swift */; };
		D20C74EA1C6B7C1B00DE10C5 /* ViewController.swift in Sources */ = {isa = PBXBuildFile; fileRef = D20C74E91C6B7C1B00DE10C5 /* ViewController.swift */; };
		D20C74EF1C6B7C1B00DE10C5 /* Assets.xcassets in Resources */ = {isa = PBXBuildFile; fileRef = D20C74EE1C6B7C1B00DE10C5 /* Assets.xcassets */; };
		D2C00EB81C6E2AF30065588D /* NextViewController.swift in Sources */ = {isa = PBXBuildFile; fileRef = D2C00EB71C6E2AF30065588D /* NextViewController.swift */; };
/* End PBXBuildFile section */

/* Begin PBXFileReference section */
		D20C74E41C6B7C1B00DE10C5 /* profitdisplayer.app */ = {isa = PBXFileReference; explicitFileType = wrapper.application; includeInIndex = 0; path = profitdisplayer.app; sourceTree = BUILT_PRODUCTS_DIR; };
		D20C74E71C6B7C1B00DE10C5 /* AppDelegate.swift */ = {isa = PBXFileReference; lastKnownFileType = sourcecode.swift; path = AppDelegate.swift; sourceTree = "<group>"; };
		D20C74E91C6B7C1B00DE10C5 /* ViewController.swift */ = {isa = PBXFileReference; lastKnownFileType = sourcecode.swift; path = ViewController.swift; sourceTree = "<group>"; };
		D20C74EE1C6B7C1B00DE10C5 /* Assets.xcassets */ = {isa = PBXFileReference; lastKnownFileType = folder.assetcatalog; path = Assets.xcassets; sourceTree = "<group>"; };
		D20C74F31C6B7C1B00DE10C5 /* Info.plist */ = {isa = PBXFileReference; lastKnownFileType = text.plist.xml; path = Info.plist; sourceTree = "<group>"; };
		D2C00EB71C6E2AF30065588D /* NextViewController.swift */ = {isa = PBXFileReference; fileEncoding = 4; lastKnownFileType = sourcecode.swift; name = NextViewController.swift; path = ../NextViewController.swift; sourceTree = "<group>"; };
/* End PBXFileReference section */

/* Begin PBXFrameworksBuildPhase section */
		D20C74E11C6B7C1B00DE10C5 /* Frameworks */ = {
			isa = PBXFrameworksBuildPhase;
			buildActionMask = 2147483647;
			files = (
			);
			runOnlyForDeploymentPostprocessing = 0;
		};
/* End PBXFrameworksBuildPhase section */

/* Begin PBXGroup section */
		D20C74DB1C6B7C1B00DE10C5 = {
			isa = PBXGroup;
			children = (
				D20C74E61C6B7C1B00DE10C5 /* profitdisplayer */,
				D20C74E51C6B7C1B00DE10C5 /* Products */,
			);
			sourceTree = "<group>";
		};
		D20C74E51C6B7C1B00DE10C5 /* Products */ = {
			isa = PBXGroup;
			children = (
				D20C74E41C6B7C1B00DE10C5 /* profitdisplayer.app */,
			);
			name = Products;
			sourceTree = "<group>";
		};
		D20C74E61C6B7C1B00DE10C5 /* profitdisplayer */ = {
			isa = PBXGroup;
			children = (
				D20C74E71C6B7C1B00DE10C5 /* AppDelegate.swift */,
				D20C74E91C6B7C1B00DE10C5 /* ViewController.swift */,
				D20C74EE1C6B7C1B00DE10C5 /* Assets.xcassets */,
				D20C74F31C6B7C1B00DE10C5 /* Info.plist */,
				D2C00EB71C6E2AF30065588D /* NextViewController.swift */,
			);
			path = profitdisplayer;
			sourceTree = "<group>";
		};
/* End PBXGroup section */

/* Begin PBXNativeTarget section */
		D20C74E31C6B7C1B00DE10C5 /* profitdisplayer */ = {
			isa = PBXNativeTarget;
			buildConfigurationList = D20C74F61C6B7C1B00DE10C5 /* Build configuration list for PBXNativeTarget "profitdisplayer" */;
			buildPhases = (
				D20C74E01C6B7C1B00DE10C5 /* Sources */,
				D20C74E11C6B7C1B00DE10C5 /* Frameworks */,
				D20C74E21C6B7C1B00DE10C5 /* Resources */,
			);
			buildRules = (
			);
			dependencies = (
			);
			name = profitdisplayer;
			productName = profitdisplayer;
			productReference = D20C74E41C6B7C1B00DE10C5 /* profitdisplayer.app */;
			productType = "com.apple.product-type.application";
		};
/* End PBXNativeTarget section */

/* Begin PBXProject section */
		D20C74DC1C6B7C1B00DE10C5 /* Project object */ = {
			isa = PBXProject;
			attributes = {
				LastSwiftUpdateCheck = 0710;
				LastUpgradeCheck = 0710;
				ORGANIZATIONNAME = rpsapps;
				TargetAttributes = {
					D20C74E31C6B7C1B00DE10C5 = {
						CreatedOnToolsVersion = 7.1.1;
					};
				};
			};
			buildConfigurationList = D20C74DF1C6B7C1B00DE10C5 /* Build configuration list for PBXProject "profitdisplayer" */;
			compatibilityVersion = "Xcode 3.2";
			developmentRegion = English;
			hasScannedForEncodings = 0;
			knownRegions = (
				en,
				Base,
			);
			mainGroup = D20C74DB1C6B7C1B00DE10C5;
			productRefGroup = D20C74E51C6B7C1B00DE10C5 /* Products */;
			projectDirPath = "";
			projectRoot = "";
			targets = (
				D20C74E31C6B7C1B00DE10C5 /* profitdisplayer */,
			);
		};
/* End PBXProject section */

/* Begin PBXResourcesBuildPhase section */
		D20C74E21C6B7C1B00DE10C5 /* Resources */ = {
			isa = PBXResourcesBuildPhase;
			buildActionMask = 2147483647;
			files = (
				D20C74EF1C6B7C1B00DE10C5 /* Assets.xcassets in Resources */,
			);
			runOnlyForDeploymentPostprocessing = 0;
		};
/* End PBXResourcesBuildPhase section */

/* Begin PBXSourcesBuildPhase section */
		D20C74E01C6B7C1B00DE10C5 /* Sources */ = {
			isa = PBXSourcesBuildPhase;
			buildActionMask = 2147483647;
			files = (
				D20C74EA1C6B7C1B00DE10C5 /* ViewController.swift in Sources */,
				D2C00EB81C6E2AF30065588D /* NextViewController.swift in Sources */,
				D20C74E81C6B7C1B00DE10C5 /* AppDelegate.swift in Sources */,
			);
			runOnlyForDeploymentPostprocessing = 0;
		};
/* End PBXSourcesBuildPhase section */

/* Begin XCBuildConfiguration section */
		D20C74F41C6B7C1B00DE10C5 /* Debug */ = {
			isa = XCBuildConfiguration;
			buildSettings = {
				ALWAYS_SEARCH_USER_PATHS = NO;
				CLANG_CXX_LANGUAGE_STANDARD = "gnu++0x";
				CLANG_CXX_LIBRARY = "libc++";
				CLANG_ENABLE_MODULES = YES;
				CLANG_ENABLE_OBJC_ARC = YES;
				CLANG_WARN_BOOL_CONVERSION = YES;
				CLANG_WARN_CONSTANT_CONVERSION = YES;
				CLANG_WARN_DIRECT_OBJC_ISA_USAGE = YES_ERROR;
				CLANG_WARN_EMPTY_BODY = YES;
				CLANG_WARN_ENUM_CONVERSION = YES;
				CLANG_WARN_INT_CONVERSION = YES;
				CLANG_WARN_OBJC_ROOT_CLASS = YES_ERROR;
				CLANG_WARN_UNREACHABLE_CODE = YES;
				CLANG_WARN__DUPLICATE_METHOD_MATCH = YES;
				"CODE_SIGN_IDENTITY[sdk=iphoneos*]" = "iPhone Developer";
				COPY_PHASE_STRIP = NO;
				DEBUG_INFORMATION_FORMAT = dwarf;
				ENABLE_STRICT_OBJC_MSGSEND = YES;
				ENABLE_TESTABILITY = YES;
				GCC_C_LANGUAGE_STANDARD = gnu99;
				GCC_DYNAMIC_NO_PIC = NO;
				GCC_NO_COMMON_BLOCKS = YES;
				GCC_OPTIMIZATION_LEVEL = 0;
				GCC_PREPROCESSOR_DEFINITIONS = (
					"DEBUG=1",
					"$(inherited)",
				);
				GCC_WARN_64_TO_32_BIT_CONVERSION = YES;
				GCC_WARN_ABOUT_RETURN_TYPE = YES_ERROR;
				GCC_WARN_UNDECLARED_SELECTOR = YES;
				GCC_WARN_UNINITIALIZED_AUTOS = YES_AGGRESSIVE;
				GCC_WARN_UNUSED_FUNCTION = YES;
				GCC_WARN_UNUSED_VARIABLE = YES;
				IPHONEOS_DEPLOYMENT_TARGET = 9.1;
				MTL_ENABLE_DEBUG_INFO = YES;
				ONLY_ACTIVE_ARCH = YES;
				SDKROOT = iphoneos;
				SWIFT_OPTIMIZATION_LEVEL = "-Onone";
				TARGETED_DEVICE_FAMILY = "1,2";
			};
			name = Debug;
		};
		D20C74F51C6B7C1B00DE10C5 /* Release */ = {
			isa = XCBuildConfiguration;
			buildSettings = {
				ALWAYS_SEARCH_USER_PATHS = NO;
				CLANG_CXX_LANGUAGE_STANDARD = "gnu++0x";
				CLANG_CXX_LIBRARY = "libc++";
				CLANG_ENABLE_MODULES = YES;
				CLANG_ENABLE_OBJC_ARC = YES;
				CLANG_WARN_BOOL_CONVERSION = YES;
				CLANG_WARN_CONSTANT_CONVERSION = YES;
				CLANG_WARN_DIRECT_OBJC_ISA_USAGE = YES_ERROR;
				CLANG_WARN_EMPTY_BODY = YES;
				CLANG_WARN_ENUM_CONVERSION = YES;
				CLANG_WARN_INT_CONVERSION = YES;
				CLANG_WARN_OBJC_ROOT_CLASS = YES_ERROR;
				CLANG_WARN_UNREACHABLE_CODE = YES;
				CLANG_WARN__DUPLICATE_METHOD_MATCH = YES;
				"CODE_SIGN_IDENTITY[sdk=iphoneos*]" = "iPhone Developer";
				COPY_PHASE_STRIP = NO;
				DEBUG_INFORMATION_FORMAT = "dwarf-with-dsym";
				ENABLE_NS_ASSERTIONS = NO;
				ENABLE_STRICT_OBJC_MSGSEND = YES;
				GCC_C_LANGUAGE_STANDARD = gnu99;
				GCC_NO_COMMON_BLOCKS = YES;
				GCC_WARN_64_TO_32_BIT_CONVERSION = YES;
				GCC_WARN_ABOUT_RETURN_TYPE = YES_ERROR;
				GCC_WARN_UNDECLARED_SELECTOR = YES;
				GCC_WARN_UNINITIALIZED_AUTOS = YES_AGGRESSIVE;
				GCC_WARN_UNUSED_FUNCTION = YES;
				GCC_WARN_UNUSED_VARIABLE = YES;
				IPHONEOS_DEPLOYMENT_TARGET = 9.1;
				MTL_ENABLE_DEBUG_INFO = NO;
				SDKROOT = iphoneos;
				TARGETED_DEVICE_FAMILY = "1,2";
				VALIDATE_PRODUCT = YES;
			};
			name = Release;
		};
		D20C74F71C6B7C1B00DE10C5 /* Debug */ = {
			isa = XCBuildConfiguration;
			buildSettings = {
				ASSETCATALOG_COMPILER_APPICON_NAME = AppIcon;
				INFOPLIST_FILE = profitdisplayer/Info.plist;
				LD_RUNPATH_SEARCH_PATHS = "$(inherited) @executable_path/Frameworks";
				PRODUCT_BUNDLE_IDENTIFIER = rps.profitdisplayer;
				PRODUCT_NAME = "$(TARGET_NAME)";
			};
			name = Debug;
		};
		D20C74F81C6B7C1B00DE10C5 /* Release */ = {
			isa = XCBuildConfiguration;
			buildSettings = {
				ASSETCATALOG_COMPILER_APPICON_NAME = AppIcon;
				INFOPLIST_FILE = profitdisplayer/Info.plist;
				LD_RUNPATH_SEARCH_PATHS = "$(inherited) @executable_path/Frameworks";
				PRODUCT_BUNDLE_IDENTIFIER = rps.profitdisplayer;
				PRODUCT_NAME = "$(TARGET_NAME)";
			};
			name = Release;
		};
/* End XCBuildConfiguration section */

/* Begin XCConfigurationList section */
		D20C74DF1C6B7C1B00DE10C5 /* Build configuration list for PBXProject "profitdisplayer" */ = {
			isa = XCConfigurationList;
			buildConfigurations = (
				D20C74F41C6B7C1B00DE10C5 /* Debug */,
				D20C74F51C6B7C1B00DE10C5 /* Release */,
			);
			defaultConfigurationIsVisible = 0;
			defaultConfigurationName = Release;
		};
		D20C74F61C6B7C1B00DE10C5 /* Build configuration list for PBXNativeTarget "profitdisplayer" */ = {
			isa = XCConfigurationList;
			buildConfigurations = (
				D20C74F71C6B7C1B00DE10C5 /* Debug */,
				D20C74F81C6B7C1B00DE10C5 /* Release */,
			);
			defaultConfigurationIsVisible = 0;
			defaultConfigurationName = Release;
		};
/* End XCConfigurationList section */
	};
	rootObject = D20C74DC1C6B7C1B00DE10C5 /* Project object */;
}
